// !$*UTF8*$!
{
	archiveVersion = 1;
	classes = {
	};
	objectVersion = 56;
	objects = {

/* Begin PBXBuildFile section */
		76B467AA2B6EC8C40065A5D4 /* SafariView.swift in Sources */ = {isa = PBXBuildFile; fileRef = 76B467A92B6EC8C40065A5D4 /* SafariView.swift */; };
		76B467AC2B6ECCC40065A5D4 /* FrameworkTitleView.swift in Sources */ = {isa = PBXBuildFile; fileRef = 76B467AB2B6ECCC40065A5D4 /* FrameworkTitleView.swift */; };
		76B467AE2B6ECD3C0065A5D4 /* XDismissButton.swift in Sources */ = {isa = PBXBuildFile; fileRef = 76B467AD2B6ECD3C0065A5D4 /* XDismissButton.swift */; };
		96B810E72B6D238500D52952 /* Apple_FrameworksApp.swift in Sources */ = {isa = PBXBuildFile; fileRef = 96B810E62B6D238500D52952 /* Apple_FrameworksApp.swift */; };
		96B810E92B6D238500D52952 /* FrameworkGridView.swift in Sources */ = {isa = PBXBuildFile; fileRef = 96B810E82B6D238500D52952 /* FrameworkGridView.swift */; };
		96B810EB2B6D238700D52952 /* Assets.xcassets in Resources */ = {isa = PBXBuildFile; fileRef = 96B810EA2B6D238700D52952 /* Assets.xcassets */; };
		96B810EE2B6D238700D52952 /* Preview Assets.xcassets in Resources */ = {isa = PBXBuildFile; fileRef = 96B810ED2B6D238700D52952 /* Preview Assets.xcassets */; };
		96B810F82B6D238800D52952 /* Apple_FrameworksTests.swift in Sources */ = {isa = PBXBuildFile; fileRef = 96B810F72B6D238800D52952 /* Apple_FrameworksTests.swift */; };
		96B811022B6D238800D52952 /* Apple_FrameworksUITests.swift in Sources */ = {isa = PBXBuildFile; fileRef = 96B811012B6D238800D52952 /* Apple_FrameworksUITests.swift */; };
		96B811042B6D238800D52952 /* Apple_FrameworksUITestsLaunchTests.swift in Sources */ = {isa = PBXBuildFile; fileRef = 96B811032B6D238800D52952 /* Apple_FrameworksUITestsLaunchTests.swift */; };
		96B811112B6D241100D52952 /* Framework.swift in Sources */ = {isa = PBXBuildFile; fileRef = 96B811102B6D241100D52952 /* Framework.swift */; };
		96B811132B6D348300D52952 /* FrameworkDetailView.swift in Sources */ = {isa = PBXBuildFile; fileRef = 96B811122B6D348300D52952 /* FrameworkDetailView.swift */; };
		96B811152B6D3A5900D52952 /* AFButton.swift in Sources */ = {isa = PBXBuildFile; fileRef = 96B811142B6D3A5800D52952 /* AFButton.swift */; };
		96B811172B6D3DA500D52952 /* FrameworkGridViewModel.swift in Sources */ = {isa = PBXBuildFile; fileRef = 96B811162B6D3DA500D52952 /* FrameworkGridViewModel.swift */; };
/* End PBXBuildFile section */

/* Begin PBXContainerItemProxy section */
		96B810F42B6D238800D52952 /* PBXContainerItemProxy */ = {
			isa = PBXContainerItemProxy;
			containerPortal = 96B810DB2B6D238500D52952 /* Project object */;
			proxyType = 1;
			remoteGlobalIDString = 96B810E22B6D238500D52952;
			remoteInfo = "Apple-Frameworks";
		};
		96B810FE2B6D238800D52952 /* PBXContainerItemProxy */ = {
			isa = PBXContainerItemProxy;
			containerPortal = 96B810DB2B6D238500D52952 /* Project object */;
			proxyType = 1;
			remoteGlobalIDString = 96B810E22B6D238500D52952;
			remoteInfo = "Apple-Frameworks";
		};
/* End PBXContainerItemProxy section */

/* Begin PBXFileReference section */
		76B467A92B6EC8C40065A5D4 /* SafariView.swift */ = {isa = PBXFileReference; lastKnownFileType = sourcecode.swift; path = SafariView.swift; sourceTree = "<group>"; };
		76B467AB2B6ECCC40065A5D4 /* FrameworkTitleView.swift */ = {isa = PBXFileReference; lastKnownFileType = sourcecode.swift; path = FrameworkTitleView.swift; sourceTree = "<group>"; };
		76B467AD2B6ECD3C0065A5D4 /* XDismissButton.swift */ = {isa = PBXFileReference; lastKnownFileType = sourcecode.swift; path = XDismissButton.swift; sourceTree = "<group>"; };
		96B810E32B6D238500D52952 /* Apple-Frameworks.app */ = {isa = PBXFileReference; explicitFileType = wrapper.application; includeInIndex = 0; path = "Apple-Frameworks.app"; sourceTree = BUILT_PRODUCTS_DIR; };
		96B810E62B6D238500D52952 /* Apple_FrameworksApp.swift */ = {isa = PBXFileReference; lastKnownFileType = sourcecode.swift; path = Apple_FrameworksApp.swift; sourceTree = "<group>"; };
		96B810E82B6D238500D52952 /* FrameworkGridView.swift */ = {isa = PBXFileReference; lastKnownFileType = sourcecode.swift; path = FrameworkGridView.swift; sourceTree = "<group>"; };
		96B810EA2B6D238700D52952 /* Assets.xcassets */ = {isa = PBXFileReference; lastKnownFileType = folder.assetcatalog; path = Assets.xcassets; sourceTree = "<group>"; };
		96B810ED2B6D238700D52952 /* Preview Assets.xcassets */ = {isa = PBXFileReference; lastKnownFileType = folder.assetcatalog; path = "Preview Assets.xcassets"; sourceTree = "<group>"; };
		96B810F32B6D238800D52952 /* Apple-FrameworksTests.xctest */ = {isa = PBXFileReference; explicitFileType = wrapper.cfbundle; includeInIndex = 0; path = "Apple-FrameworksTests.xctest"; sourceTree = BUILT_PRODUCTS_DIR; };
		96B810F72B6D238800D52952 /* Apple_FrameworksTests.swift */ = {isa = PBXFileReference; lastKnownFileType = sourcecode.swift; path = Apple_FrameworksTests.swift; sourceTree = "<group>"; };
		96B810FD2B6D238800D52952 /* Apple-FrameworksUITests.xctest */ = {isa = PBXFileReference; explicitFileType = wrapper.cfbundle; includeInIndex = 0; path = "Apple-FrameworksUITests.xctest"; sourceTree = BUILT_PRODUCTS_DIR; };
		96B811012B6D238800D52952 /* Apple_FrameworksUITests.swift */ = {isa = PBXFileReference; lastKnownFileType = sourcecode.swift; path = Apple_FrameworksUITests.swift; sourceTree = "<group>"; };
		96B811032B6D238800D52952 /* Apple_FrameworksUITestsLaunchTests.swift */ = {isa = PBXFileReference; lastKnownFileType = sourcecode.swift; path = Apple_FrameworksUITestsLaunchTests.swift; sourceTree = "<group>"; };
		96B811102B6D241100D52952 /* Framework.swift */ = {isa = PBXFileReference; lastKnownFileType = sourcecode.swift; path = Framework.swift; sourceTree = "<group>"; };
		96B811122B6D348300D52952 /* FrameworkDetailView.swift */ = {isa = PBXFileReference; lastKnownFileType = sourcecode.swift; path = FrameworkDetailView.swift; sourceTree = "<group>"; };
		96B811142B6D3A5800D52952 /* AFButton.swift */ = {isa = PBXFileReference; lastKnownFileType = sourcecode.swift; path = AFButton.swift; sourceTree = "<group>"; };
		96B811162B6D3DA500D52952 /* FrameworkGridViewModel.swift */ = {isa = PBXFileReference; lastKnownFileType = sourcecode.swift; path = FrameworkGridViewModel.swift; sourceTree = "<group>"; };
/* End PBXFileReference section */

/* Begin PBXFrameworksBuildPhase section */
		96B810E02B6D238500D52952 /* Frameworks */ = {
			isa = PBXFrameworksBuildPhase;
			buildActionMask = 2147483647;
			files = (
			);
			runOnlyForDeploymentPostprocessing = 0;
		};
		96B810F02B6D238800D52952 /* Frameworks */ = {
			isa = PBXFrameworksBuildPhase;
			buildActionMask = 2147483647;
			files = (
			);
			runOnlyForDeploymentPostprocessing = 0;
		};
		96B810FA2B6D238800D52952 /* Frameworks */ = {
			isa = PBXFrameworksBuildPhase;
			buildActionMask = 2147483647;
			files = (
			);
			runOnlyForDeploymentPostprocessing = 0;
		};
/* End PBXFrameworksBuildPhase section */

/* Begin PBXGroup section */
		76B467AF2B6ECE2F0065A5D4 /* Screens */ = {
			isa = PBXGroup;
			children = (
				76B467B12B6ECE750065A5D4 /* FrameworkDetailView */,
				76B467B02B6ECE4A0065A5D4 /* FrameworkGridView */,
			);
			path = Screens;
			sourceTree = "<group>";
		};
		76B467B02B6ECE4A0065A5D4 /* FrameworkGridView */ = {
			isa = PBXGroup;
			children = (
				96B810E82B6D238500D52952 /* FrameworkGridView.swift */,
				96B811162B6D3DA500D52952 /* FrameworkGridViewModel.swift */,
			);
			path = FrameworkGridView;
			sourceTree = "<group>";
		};
		76B467B12B6ECE750065A5D4 /* FrameworkDetailView */ = {
			isa = PBXGroup;
			children = (
				96B811122B6D348300D52952 /* FrameworkDetailView.swift */,
			);
			path = FrameworkDetailView;
			sourceTree = "<group>";
		};
		76B467B22B6ECE900065A5D4 /* Model */ = {
			isa = PBXGroup;
			children = (
				96B811102B6D241100D52952 /* Framework.swift */,
			);
			path = Model;
			sourceTree = "<group>";
		};
		76B467B32B6ECEB60065A5D4 /* Views */ = {
			isa = PBXGroup;
			children = (
				76B467B52B6ECED20065A5D4 /* View */,
				76B467B42B6ECEBC0065A5D4 /* Buttons */,
			);
			path = Views;
			sourceTree = "<group>";
		};
		76B467B42B6ECEBC0065A5D4 /* Buttons */ = {
			isa = PBXGroup;
			children = (
				96B811142B6D3A5800D52952 /* AFButton.swift */,
				76B467AD2B6ECD3C0065A5D4 /* XDismissButton.swift */,
			);
			path = Buttons;
			sourceTree = "<group>";
		};
		76B467B52B6ECED20065A5D4 /* View */ = {
			isa = PBXGroup;
			children = (
				76B467AB2B6ECCC40065A5D4 /* FrameworkTitleView.swift */,
			);
			path = View;
			sourceTree = "<group>";
		};
		76B467B62B6ECEF30065A5D4 /* UIKit Components */ = {
			isa = PBXGroup;
			children = (
				76B467A92B6EC8C40065A5D4 /* SafariView.swift */,
			);
			path = "UIKit Components";
			sourceTree = "<group>";
		};
		96B810DA2B6D238500D52952 = {
			isa = PBXGroup;
			children = (
				96B810E52B6D238500D52952 /* Apple-Frameworks */,
				96B810F62B6D238800D52952 /* Apple-FrameworksTests */,
				96B811002B6D238800D52952 /* Apple-FrameworksUITests */,
				96B810E42B6D238500D52952 /* Products */,
			);
			sourceTree = "<group>";
		};
		96B810E42B6D238500D52952 /* Products */ = {
			isa = PBXGroup;
			children = (
				96B810E32B6D238500D52952 /* Apple-Frameworks.app */,
				96B810F32B6D238800D52952 /* Apple-FrameworksTests.xctest */,
				96B810FD2B6D238800D52952 /* Apple-FrameworksUITests.xctest */,
			);
			name = Products;
			sourceTree = "<group>";
		};
		96B810E52B6D238500D52952 /* Apple-Frameworks */ = {
			isa = PBXGroup;
			children = (
				76B467B62B6ECEF30065A5D4 /* UIKit Components */,
				76B467B32B6ECEB60065A5D4 /* Views */,
				76B467B22B6ECE900065A5D4 /* Model */,
				76B467AF2B6ECE2F0065A5D4 /* Screens */,
				96B810E62B6D238500D52952 /* Apple_FrameworksApp.swift */,
				96B810EA2B6D238700D52952 /* Assets.xcassets */,
				96B810EC2B6D238700D52952 /* Preview Content */,
			);
			path = "Apple-Frameworks";
			sourceTree = "<group>";
		};
		96B810EC2B6D238700D52952 /* Preview Content */ = {
			isa = PBXGroup;
			children = (
				96B810ED2B6D238700D52952 /* Preview Assets.xcassets */,
			);
			path = "Preview Content";
			sourceTree = "<group>";
		};
		96B810F62B6D238800D52952 /* Apple-FrameworksTests */ = {
			isa = PBXGroup;
			children = (
				96B810F72B6D238800D52952 /* Apple_FrameworksTests.swift */,
			);
			path = "Apple-FrameworksTests";
			sourceTree = "<group>";
		};
		96B811002B6D238800D52952 /* Apple-FrameworksUITests */ = {
			isa = PBXGroup;
			children = (
				96B811012B6D238800D52952 /* Apple_FrameworksUITests.swift */,
				96B811032B6D238800D52952 /* Apple_FrameworksUITestsLaunchTests.swift */,
			);
			path = "Apple-FrameworksUITests";
			sourceTree = "<group>";
		};
/* End PBXGroup section */

/* Begin PBXNativeTarget section */
		96B810E22B6D238500D52952 /* Apple-Frameworks */ = {
			isa = PBXNativeTarget;
			buildConfigurationList = 96B811072B6D238800D52952 /* Build configuration list for PBXNativeTarget "Apple-Frameworks" */;
			buildPhases = (
				96B810DF2B6D238500D52952 /* Sources */,
				96B810E02B6D238500D52952 /* Frameworks */,
				96B810E12B6D238500D52952 /* Resources */,
			);
			buildRules = (
			);
			dependencies = (
			);
			name = "Apple-Frameworks";
			productName = "Apple-Frameworks";
			productReference = 96B810E32B6D238500D52952 /* Apple-Frameworks.app */;
			productType = "com.apple.product-type.application";
		};
		96B810F22B6D238800D52952 /* Apple-FrameworksTests */ = {
			isa = PBXNativeTarget;
			buildConfigurationList = 96B8110A2B6D238800D52952 /* Build configuration list for PBXNativeTarget "Apple-FrameworksTests" */;
			buildPhases = (
				96B810EF2B6D238800D52952 /* Sources */,
				96B810F02B6D238800D52952 /* Frameworks */,
				96B810F12B6D238800D52952 /* Resources */,
			);
			buildRules = (
			);
			dependencies = (
				96B810F52B6D238800D52952 /* PBXTargetDependency */,
			);
			name = "Apple-FrameworksTests";
			productName = "Apple-FrameworksTests";
			productReference = 96B810F32B6D238800D52952 /* Apple-FrameworksTests.xctest */;
			productType = "com.apple.product-type.bundle.unit-test";
		};
		96B810FC2B6D238800D52952 /* Apple-FrameworksUITests */ = {
			isa = PBXNativeTarget;
			buildConfigurationList = 96B8110D2B6D238800D52952 /* Build configuration list for PBXNativeTarget "Apple-FrameworksUITests" */;
			buildPhases = (
				96B810F92B6D238800D52952 /* Sources */,
				96B810FA2B6D238800D52952 /* Frameworks */,
				96B810FB2B6D238800D52952 /* Resources */,
			);
			buildRules = (
			);
			dependencies = (
				96B810FF2B6D238800D52952 /* PBXTargetDependency */,
			);
			name = "Apple-FrameworksUITests";
			productName = "Apple-FrameworksUITests";
			productReference = 96B810FD2B6D238800D52952 /* Apple-FrameworksUITests.xctest */;
			productType = "com.apple.product-type.bundle.ui-testing";
		};
/* End PBXNativeTarget section */

/* Begin PBXProject section */
		96B810DB2B6D238500D52952 /* Project object */ = {
			isa = PBXProject;
			attributes = {
				BuildIndependentTargetsInParallel = 1;
				LastSwiftUpdateCheck = 1520;
				LastUpgradeCheck = 1520;
				TargetAttributes = {
					96B810E22B6D238500D52952 = {
						CreatedOnToolsVersion = 15.2;
					};
					96B810F22B6D238800D52952 = {
						CreatedOnToolsVersion = 15.2;
						TestTargetID = 96B810E22B6D238500D52952;
					};
					96B810FC2B6D238800D52952 = {
						CreatedOnToolsVersion = 15.2;
						TestTargetID = 96B810E22B6D238500D52952;
					};
				};
			};
			buildConfigurationList = 96B810DE2B6D238500D52952 /* Build configuration list for PBXProject "Apple-Frameworks" */;
			compatibilityVersion = "Xcode 14.0";
			developmentRegion = en;
			hasScannedForEncodings = 0;
			knownRegions = (
				en,
				Base,
			);
			mainGroup = 96B810DA2B6D238500D52952;
			productRefGroup = 96B810E42B6D238500D52952 /* Products */;
			projectDirPath = "";
			projectRoot = "";
			targets = (
				96B810E22B6D238500D52952 /* Apple-Frameworks */,
				96B810F22B6D238800D52952 /* Apple-FrameworksTests */,
				96B810FC2B6D238800D52952 /* Apple-FrameworksUITests */,
			);
		};
/* End PBXProject section */

/* Begin PBXResourcesBuildPhase section */
		96B810E12B6D238500D52952 /* Resources */ = {
			isa = PBXResourcesBuildPhase;
			buildActionMask = 2147483647;
			files = (
				96B810EE2B6D238700D52952 /* Preview Assets.xcassets in Resources */,
				96B810EB2B6D238700D52952 /* Assets.xcassets in Resources */,
			);
			runOnlyForDeploymentPostprocessing = 0;
		};
		96B810F12B6D238800D52952 /* Resources */ = {
			isa = PBXResourcesBuildPhase;
			buildActionMask = 2147483647;
			files = (
			);
			runOnlyForDeploymentPostprocessing = 0;
		};
		96B810FB2B6D238800D52952 /* Resources */ = {
			isa = PBXResourcesBuildPhase;
			buildActionMask = 2147483647;
			files = (
			);
			runOnlyForDeploymentPostprocessing = 0;
		};
/* End PBXResourcesBuildPhase section */

/* Begin PBXSourcesBuildPhase section */
		96B810DF2B6D238500D52952 /* Sources */ = {
			isa = PBXSourcesBuildPhase;
			buildActionMask = 2147483647;
			files = (
				96B811132B6D348300D52952 /* FrameworkDetailView.swift in Sources */,
				96B810E92B6D238500D52952 /* FrameworkGridView.swift in Sources */,
				76B467AE2B6ECD3C0065A5D4 /* XDismissButton.swift in Sources */,
				96B811112B6D241100D52952 /* Framework.swift in Sources */,
				96B811152B6D3A5900D52952 /* AFButton.swift in Sources */,
				96B810E72B6D238500D52952 /* Apple_FrameworksApp.swift in Sources */,
				96B811172B6D3DA500D52952 /* FrameworkGridViewModel.swift in Sources */,
				76B467AC2B6ECCC40065A5D4 /* FrameworkTitleView.swift in Sources */,
				76B467AA2B6EC8C40065A5D4 /* SafariView.swift in Sources */,
			);
			runOnlyForDeploymentPostprocessing = 0;
		};
		96B810EF2B6D238800D52952 /* Sources */ = {
			isa = PBXSourcesBuildPhase;
			buildActionMask = 2147483647;
			files = (
				96B810F82B6D238800D52952 /* Apple_FrameworksTests.swift in Sources */,
			);
			runOnlyForDeploymentPostprocessing = 0;
		};
		96B810F92B6D238800D52952 /* Sources */ = {
			isa = PBXSourcesBuildPhase;
			buildActionMask = 2147483647;
			files = (
				96B811042B6D238800D52952 /* Apple_FrameworksUITestsLaunchTests.swift in Sources */,
				96B811022B6D238800D52952 /* Apple_FrameworksUITests.swift in Sources */,
			);
			runOnlyForDeploymentPostprocessing = 0;
		};
/* End PBXSourcesBuildPhase section */

/* Begin PBXTargetDependency section */
		96B810F52B6D238800D52952 /* PBXTargetDependency */ = {
			isa = PBXTargetDependency;
			target = 96B810E22B6D238500D52952 /* Apple-Frameworks */;
			targetProxy = 96B810F42B6D238800D52952 /* PBXContainerItemProxy */;
		};
		96B810FF2B6D238800D52952 /* PBXTargetDependency */ = {
			isa = PBXTargetDependency;
			target = 96B810E22B6D238500D52952 /* Apple-Frameworks */;
			targetProxy = 96B810FE2B6D238800D52952 /* PBXContainerItemProxy */;
		};
/* End PBXTargetDependency section */

/* Begin XCBuildConfiguration section */
		96B811052B6D238800D52952 /* Debug */ = {
			isa = XCBuildConfiguration;
			buildSettings = {
				ALWAYS_SEARCH_USER_PATHS = NO;
				ASSETCATALOG_COMPILER_GENERATE_SWIFT_ASSET_SYMBOL_EXTENSIONS = YES;
				CLANG_ANALYZER_NONNULL = YES;
				CLANG_ANALYZER_NUMBER_OBJECT_CONVERSION = YES_AGGRESSIVE;
				CLANG_CXX_LANGUAGE_STANDARD = "gnu++20";
				CLANG_ENABLE_MODULES = YES;
				CLANG_ENABLE_OBJC_ARC = YES;
				CLANG_ENABLE_OBJC_WEAK = YES;
				CLANG_WARN_BLOCK_CAPTURE_AUTORELEASING = YES;
				CLANG_WARN_BOOL_CONVERSION = YES;
				CLANG_WARN_COMMA = YES;
				CLANG_WARN_CONSTANT_CONVERSION = YES;
				CLANG_WARN_DEPRECATED_OBJC_IMPLEMENTATIONS = YES;
				CLANG_WARN_DIRECT_OBJC_ISA_USAGE = YES_ERROR;
				CLANG_WARN_DOCUMENTATION_COMMENTS = YES;
				CLANG_WARN_EMPTY_BODY = YES;
				CLANG_WARN_ENUM_CONVERSION = YES;
				CLANG_WARN_INFINITE_RECURSION = YES;
				CLANG_WARN_INT_CONVERSION = YES;
				CLANG_WARN_NON_LITERAL_NULL_CONVERSION = YES;
				CLANG_WARN_OBJC_IMPLICIT_RETAIN_SELF = YES;
				CLANG_WARN_OBJC_LITERAL_CONVERSION = YES;
				CLANG_WARN_OBJC_ROOT_CLASS = YES_ERROR;
				CLANG_WARN_QUOTED_INCLUDE_IN_FRAMEWORK_HEADER = YES;
				CLANG_WARN_RANGE_LOOP_ANALYSIS = YES;
				CLANG_WARN_STRICT_PROTOTYPES = YES;
				CLANG_WARN_SUSPICIOUS_MOVE = YES;
				CLANG_WARN_UNGUARDED_AVAILABILITY = YES_AGGRESSIVE;
				CLANG_WARN_UNREACHABLE_CODE = YES;
				CLANG_WARN__DUPLICATE_METHOD_MATCH = YES;
				COPY_PHASE_STRIP = NO;
				DEBUG_INFORMATION_FORMAT = dwarf;
				ENABLE_STRICT_OBJC_MSGSEND = YES;
				ENABLE_TESTABILITY = YES;
				ENABLE_USER_SCRIPT_SANDBOXING = YES;
				GCC_C_LANGUAGE_STANDARD = gnu17;
				GCC_DYNAMIC_NO_PIC = NO;
				GCC_NO_COMMON_BLOCKS = YES;
				GCC_OPTIMIZATION_LEVEL = 0;
				GCC_PREPROCESSOR_DEFINITIONS = (
					"DEBUG=1",
					"$(inherited)",
				);
				GCC_WARN_64_TO_32_BIT_CONVERSION = YES;
				GCC_WARN_ABOUT_RETURN_TYPE = YES_ERROR;
				GCC_WARN_UNDECLARED_SELECTOR = YES;
				GCC_WARN_UNINITIALIZED_AUTOS = YES_AGGRESSIVE;
				GCC_WARN_UNUSED_FUNCTION = YES;
				GCC_WARN_UNUSED_VARIABLE = YES;
				IPHONEOS_DEPLOYMENT_TARGET = 17.2;
				LOCALIZATION_PREFERS_STRING_CATALOGS = YES;
				MTL_ENABLE_DEBUG_INFO = INCLUDE_SOURCE;
				MTL_FAST_MATH = YES;
				ONLY_ACTIVE_ARCH = YES;
				SDKROOT = iphoneos;
				SWIFT_ACTIVE_COMPILATION_CONDITIONS = "DEBUG $(inherited)";
				SWIFT_OPTIMIZATION_LEVEL = "-Onone";
			};
			name = Debug;
		};
		96B811062B6D238800D52952 /* Release */ = {
			isa = XCBuildConfiguration;
			buildSettings = {
				ALWAYS_SEARCH_USER_PATHS = NO;
				ASSETCATALOG_COMPILER_GENERATE_SWIFT_ASSET_SYMBOL_EXTENSIONS = YES;
				CLANG_ANALYZER_NONNULL = YES;
				CLANG_ANALYZER_NUMBER_OBJECT_CONVERSION = YES_AGGRESSIVE;
				CLANG_CXX_LANGUAGE_STANDARD = "gnu++20";
				CLANG_ENABLE_MODULES = YES;
				CLANG_ENABLE_OBJC_ARC = YES;
				CLANG_ENABLE_OBJC_WEAK = YES;
				CLANG_WARN_BLOCK_CAPTURE_AUTORELEASING = YES;
				CLANG_WARN_BOOL_CONVERSION = YES;
				CLANG_WARN_COMMA = YES;
				CLANG_WARN_CONSTANT_CONVERSION = YES;
				CLANG_WARN_DEPRECATED_OBJC_IMPLEMENTATIONS = YES;
				CLANG_WARN_DIRECT_OBJC_ISA_USAGE = YES_ERROR;
				CLANG_WARN_DOCUMENTATION_COMMENTS = YES;
				CLANG_WARN_EMPTY_BODY = YES;
				CLANG_WARN_ENUM_CONVERSION = YES;
				CLANG_WARN_INFINITE_RECURSION = YES;
				CLANG_WARN_INT_CONVERSION = YES;
				CLANG_WARN_NON_LITERAL_NULL_CONVERSION = YES;
				CLANG_WARN_OBJC_IMPLICIT_RETAIN_SELF = YES;
				CLANG_WARN_OBJC_LITERAL_CONVERSION = YES;
				CLANG_WARN_OBJC_ROOT_CLASS = YES_ERROR;
				CLANG_WARN_QUOTED_INCLUDE_IN_FRAMEWORK_HEADER = YES;
				CLANG_WARN_RANGE_LOOP_ANALYSIS = YES;
				CLANG_WARN_STRICT_PROTOTYPES = YES;
				CLANG_WARN_SUSPICIOUS_MOVE = YES;
				CLANG_WARN_UNGUARDED_AVAILABILITY = YES_AGGRESSIVE;
				CLANG_WARN_UNREACHABLE_CODE = YES;
				CLANG_WARN__DUPLICATE_METHOD_MATCH = YES;
				COPY_PHASE_STRIP = NO;
				DEBUG_INFORMATION_FORMAT = "dwarf-with-dsym";
				ENABLE_NS_ASSERTIONS = NO;
				ENABLE_STRICT_OBJC_MSGSEND = YES;
				ENABLE_USER_SCRIPT_SANDBOXING = YES;
				GCC_C_LANGUAGE_STANDARD = gnu17;
				GCC_NO_COMMON_BLOCKS = YES;
				GCC_WARN_64_TO_32_BIT_CONVERSION = YES;
				GCC_WARN_ABOUT_RETURN_TYPE = YES_ERROR;
				GCC_WARN_UNDECLARED_SELECTOR = YES;
				GCC_WARN_UNINITIALIZED_AUTOS = YES_AGGRESSIVE;
				GCC_WARN_UNUSED_FUNCTION = YES;
				GCC_WARN_UNUSED_VARIABLE = YES;
				IPHONEOS_DEPLOYMENT_TARGET = 17.2;
				LOCALIZATION_PREFERS_STRING_CATALOGS = YES;
				MTL_ENABLE_DEBUG_INFO = NO;
				MTL_FAST_MATH = YES;
				SDKROOT = iphoneos;
				SWIFT_COMPILATION_MODE = wholemodule;
				VALIDATE_PRODUCT = YES;
			};
			name = Release;
		};
		96B811082B6D238800D52952 /* Debug */ = {
			isa = XCBuildConfiguration;
			buildSettings = {
				ASSETCATALOG_COMPILER_APPICON_NAME = AppIcon;
				ASSETCATALOG_COMPILER_GLOBAL_ACCENT_COLOR_NAME = AccentColor;
				CODE_SIGN_STYLE = Automatic;
				CURRENT_PROJECT_VERSION = 1;
				DEVELOPMENT_ASSET_PATHS = "\"Apple-Frameworks/Preview Content\"";
				DEVELOPMENT_TEAM = AC5P7253R3;
				ENABLE_PREVIEWS = YES;
				GENERATE_INFOPLIST_FILE = YES;
				INFOPLIST_KEY_UIApplicationSceneManifest_Generation = YES;
				INFOPLIST_KEY_UIApplicationSupportsIndirectInputEvents = YES;
				INFOPLIST_KEY_UILaunchScreen_Generation = YES;
				INFOPLIST_KEY_UISupportedInterfaceOrientations_iPad = "UIInterfaceOrientationPortrait UIInterfaceOrientationPortraitUpsideDown UIInterfaceOrientationLandscapeLeft UIInterfaceOrientationLandscapeRight";
				INFOPLIST_KEY_UISupportedInterfaceOrientations_iPhone = "UIInterfaceOrientationPortrait UIInterfaceOrientationLandscapeLeft UIInterfaceOrientationLandscapeRight";
				LD_RUNPATH_SEARCH_PATHS = (
					"$(inherited)",
					"@executable_path/Frameworks",
				);
				MARKETING_VERSION = 1.0;
				PRODUCT_BUNDLE_IDENTIFIER = "IvanStoilov.Apple-Frameworks";
				PRODUCT_NAME = "$(TARGET_NAME)";
				SWIFT_EMIT_LOC_STRINGS = YES;
				SWIFT_VERSION = 5.0;
				TARGETED_DEVICE_FAMILY = "1,2";
			};
			name = Debug;
		};
		96B811092B6D238800D52952 /* Release */ = {
			isa = XCBuildConfiguration;
			buildSettings = {
				ASSETCATALOG_COMPILER_APPICON_NAME = AppIcon;
				ASSETCATALOG_COMPILER_GLOBAL_ACCENT_COLOR_NAME = AccentColor;
				CODE_SIGN_STYLE = Automatic;
				CURRENT_PROJECT_VERSION = 1;
				DEVELOPMENT_ASSET_PATHS = "\"Apple-Frameworks/Preview Content\"";
				DEVELOPMENT_TEAM = AC5P7253R3;
				ENABLE_PREVIEWS = YES;
				GENERATE_INFOPLIST_FILE = YES;
				INFOPLIST_KEY_UIApplicationSceneManifest_Generation = YES;
				INFOPLIST_KEY_UIApplicationSupportsIndirectInputEvents = YES;
				INFOPLIST_KEY_UILaunchScreen_Generation = YES;
				INFOPLIST_KEY_UISupportedInterfaceOrientations_iPad = "UIInterfaceOrientationPortrait UIInterfaceOrientationPortraitUpsideDown UIInterfaceOrientationLandscapeLeft UIInterfaceOrientationLandscapeRight";
				INFOPLIST_KEY_UISupportedInterfaceOrientations_iPhone = "UIInterfaceOrientationPortrait UIInterfaceOrientationLandscapeLeft UIInterfaceOrientationLandscapeRight";
				LD_RUNPATH_SEARCH_PATHS = (
					"$(inherited)",
					"@executable_path/Frameworks",
				);
				MARKETING_VERSION = 1.0;
				PRODUCT_BUNDLE_IDENTIFIER = "IvanStoilov.Apple-Frameworks";
				PRODUCT_NAME = "$(TARGET_NAME)";
				SWIFT_EMIT_LOC_STRINGS = YES;
				SWIFT_VERSION = 5.0;
				TARGETED_DEVICE_FAMILY = "1,2";
			};
			name = Release;
		};
		96B8110B2B6D238800D52952 /* Debug */ = {
			isa = XCBuildConfiguration;
			buildSettings = {
				ALWAYS_EMBED_SWIFT_STANDARD_LIBRARIES = YES;
				BUNDLE_LOADER = "$(TEST_HOST)";
				CODE_SIGN_STYLE = Automatic;
				CURRENT_PROJECT_VERSION = 1;
				DEVELOPMENT_TEAM = AC5P7253R3;
				GENERATE_INFOPLIST_FILE = YES;
				IPHONEOS_DEPLOYMENT_TARGET = 17.2;
				MARKETING_VERSION = 1.0;
				PRODUCT_BUNDLE_IDENTIFIER = "IvanStoilov.Apple-FrameworksTests";
				PRODUCT_NAME = "$(TARGET_NAME)";
				SWIFT_EMIT_LOC_STRINGS = NO;
				SWIFT_VERSION = 5.0;
				TARGETED_DEVICE_FAMILY = "1,2";
				TEST_HOST = "$(BUILT_PRODUCTS_DIR)/Apple-Frameworks.app/$(BUNDLE_EXECUTABLE_FOLDER_PATH)/Apple-Frameworks";
			};
			name = Debug;
		};
		96B8110C2B6D238800D52952 /* Release */ = {
			isa = XCBuildConfiguration;
			buildSettings = {
				ALWAYS_EMBED_SWIFT_STANDARD_LIBRARIES = YES;
				BUNDLE_LOADER = "$(TEST_HOST)";
				CODE_SIGN_STYLE = Automatic;
				CURRENT_PROJECT_VERSION = 1;
				DEVELOPMENT_TEAM = AC5P7253R3;
				GENERATE_INFOPLIST_FILE = YES;
				IPHONEOS_DEPLOYMENT_TARGET = 17.2;
				MARKETING_VERSION = 1.0;
				PRODUCT_BUNDLE_IDENTIFIER = "IvanStoilov.Apple-FrameworksTests";
				PRODUCT_NAME = "$(TARGET_NAME)";
				SWIFT_EMIT_LOC_STRINGS = NO;
				SWIFT_VERSION = 5.0;
				TARGETED_DEVICE_FAMILY = "1,2";
				TEST_HOST = "$(BUILT_PRODUCTS_DIR)/Apple-Frameworks.app/$(BUNDLE_EXECUTABLE_FOLDER_PATH)/Apple-Frameworks";
			};
			name = Release;
		};
		96B8110E2B6D238800D52952 /* Debug */ = {
			isa = XCBuildConfiguration;
			buildSettings = {
				ALWAYS_EMBED_SWIFT_STANDARD_LIBRARIES = YES;
				CODE_SIGN_STYLE = Automatic;
				CURRENT_PROJECT_VERSION = 1;
				DEVELOPMENT_TEAM = AC5P7253R3;
				GENERATE_INFOPLIST_FILE = YES;
				MARKETING_VERSION = 1.0;
				PRODUCT_BUNDLE_IDENTIFIER = "IvanStoilov.Apple-FrameworksUITests";
				PRODUCT_NAME = "$(TARGET_NAME)";
				SWIFT_EMIT_LOC_STRINGS = NO;
				SWIFT_VERSION = 5.0;
				TARGETED_DEVICE_FAMILY = "1,2";
				TEST_TARGET_NAME = "Apple-Frameworks";
			};
			name = Debug;
		};
		96B8110F2B6D238800D52952 /* Release */ = {
			isa = XCBuildConfiguration;
			buildSettings = {
				ALWAYS_EMBED_SWIFT_STANDARD_LIBRARIES = YES;
				CODE_SIGN_STYLE = Automatic;
				CURRENT_PROJECT_VERSION = 1;
				DEVELOPMENT_TEAM = AC5P7253R3;
				GENERATE_INFOPLIST_FILE = YES;
				MARKETING_VERSION = 1.0;
				PRODUCT_BUNDLE_IDENTIFIER = "IvanStoilov.Apple-FrameworksUITests";
				PRODUCT_NAME = "$(TARGET_NAME)";
				SWIFT_EMIT_LOC_STRINGS = NO;
				SWIFT_VERSION = 5.0;
				TARGETED_DEVICE_FAMILY = "1,2";
				TEST_TARGET_NAME = "Apple-Frameworks";
			};
			name = Release;
		};
/* End XCBuildConfiguration section */

/* Begin XCConfigurationList section */
		96B810DE2B6D238500D52952 /* Build configuration list for PBXProject "Apple-Frameworks" */ = {
			isa = XCConfigurationList;
			buildConfigurations = (
				96B811052B6D238800D52952 /* Debug */,
				96B811062B6D238800D52952 /* Release */,
			);
			defaultConfigurationIsVisible = 0;
			defaultConfigurationName = Release;
		};
		96B811072B6D238800D52952 /* Build configuration list for PBXNativeTarget "Apple-Frameworks" */ = {
			isa = XCConfigurationList;
			buildConfigurations = (
				96B811082B6D238800D52952 /* Debug */,
				96B811092B6D238800D52952 /* Release */,
			);
			defaultConfigurationIsVisible = 0;
			defaultConfigurationName = Release;
		};
		96B8110A2B6D238800D52952 /* Build configuration list for PBXNativeTarget "Apple-FrameworksTests" */ = {
			isa = XCConfigurationList;
			buildConfigurations = (
				96B8110B2B6D238800D52952 /* Debug */,
				96B8110C2B6D238800D52952 /* Release */,
			);
			defaultConfigurationIsVisible = 0;
			defaultConfigurationName = Release;
		};
		96B8110D2B6D238800D52952 /* Build configuration list for PBXNativeTarget "Apple-FrameworksUITests" */ = {
			isa = XCConfigurationList;
			buildConfigurations = (
				96B8110E2B6D238800D52952 /* Debug */,
				96B8110F2B6D238800D52952 /* Release */,
			);
			defaultConfigurationIsVisible = 0;
			defaultConfigurationName = Release;
		};
/* End XCConfigurationList section */
	};
	rootObject = 96B810DB2B6D238500D52952 /* Project object */;
}
